{
  "name": "node:http",
  "lockfileVersion": 3,
  "requires": true,
  "packages": {
    "": {
      "dependencies": {
        "@wharfkit/session": "^0.5.0",
        "dotenv": "latest"
      }
    },
    "node_modules/@greymass/eosio": {
      "version": "0.6.11",
      "license": "BSD-3-Clause-No-Military-License",
      "dependencies": {
        "bn.js": "^4.11.9",
        "brorand": "^1.1.0",
        "elliptic": "^6.5.4",
        "hash.js": "^1.0.0",
        "tslib": "^2.0.3"
      }
    },
    "node_modules/@wharfkit/session": {
      "version": "0.5.0",
      "license": "BSD-3-Clause",
      "dependencies": {
        "@greymass/eosio": "^0.6.10",
        "eosio-signing-request": "^2.5.3",
        "pako": "^2.0.4",
        "tslib": "^2.1.0"
      }
    },
    "node_modules/bn.js": {
      "version": "4.12.0",
      "license": "MIT"
    },
    "node_modules/brorand": {
      "version": "1.1.0",
      "license": "MIT"
    },
    "node_modules/dotenv": {
      "version": "16.1.4",
      "resolved": "https://registry.npmjs.org/dotenv/-/dotenv-16.1.4.tgz",
      "integrity": "sha512-m55RtE8AsPeJBpOIFKihEmqUcoVncQIwo7x9U8ZwLEZw9ZpXboz2c+rvog+jUaJvVrZ5kBOeYQBX5+8Aa/OZQw==",
      "engines": {
        "node": ">=12"
      },
      "funding": {
        "url": "https://github.com/motdotla/dotenv?sponsor=1"
      }
    },
    "node_modules/elliptic": {
      "version": "6.5.4",
      "license": "MIT",
      "dependencies": {
        "bn.js": "^4.11.9",
        "brorand": "^1.1.0",
        "hash.js": "^1.0.0",
        "hmac-drbg": "^1.0.1",
        "inherits": "^2.0.4",
        "minimalistic-assert": "^1.0.1",
        "minimalistic-crypto-utils": "^1.0.1"
      }
    },
    "node_modules/eosio-signing-request": {
      "version": "2.5.3",
      "license": "MIT",
      "dependencies": {
        "@greymass/eosio": "^0.6.0",
        "tslib": "^2.0.3"
      }
    },
    "node_modules/hash.js": {
      "version": "1.1.7",
      "license": "MIT",
      "dependencies": {
        "inherits": "^2.0.3",
        "minimalistic-assert": "^1.0.1"
      }
    },
    "node_modules/hmac-drbg": {
      "version": "1.0.1",
      "license": "MIT",
      "dependencies": {
        "hash.js": "^1.0.3",
        "minimalistic-assert": "^1.0.0",
        "minimalistic-crypto-utils": "^1.0.1"
      }
    },
    "node_modules/inherits": {
      "version": "2.0.4",
      "license": "ISC"
    },
    "node_modules/minimalistic-assert": {
      "version": "1.0.1",
      "license": "ISC"
    },
    "node_modules/minimalistic-crypto-utils": {
      "version": "1.0.1",
      "license": "MIT"
    },
    "node_modules/pako": {
      "version": "2.1.0",
      "license": "(MIT AND Zlib)"
    },
    "node_modules/tslib": {
      "version": "2.5.2",
      "license": "0BSD"
    }
  }
}
